
Microsoft Visual Studio Solution File, Format Version 12.00
# Visual Studio 15
VisualStudioVersion = 15.0.27130.2010
MinimumVisualStudioVersion = 10.0.40219.1
Project("{8BC9CEB8-8B4A-11D0-8D11-00A0C91BC942}") = "TUAN1-30", "NguyenTuanKiet\NguyenTuanKiet.vcxproj", "{C9A1E2F2-5BF6-4C5A-B22F-BC6713A37D7A}"
EndProject
Project("{8BC9CEB8-8B4A-11D0-8D11-00A0C91BC942}") = "TUAN1-33", "TUAN1-33\TUAN1-33.vcxproj", "{F303F2D7-27CA-4172-B803-CEEA3E06C470}"
EndProject
Project("{8BC9CEB8-8B4A-11D0-8D11-00A0C91BC942}") = "Tuan2", "Tuan2\Tuan2.vcxproj", "{4ACCB68B-4E87-4C29-82B7-1869C1577FDC}"
EndProject
Project("{8BC9CEB8-8B4A-11D0-8D11-00A0C91BC942}") = "Test", "Test\Test.vcxproj", "{45F287F0-DE0E-4E14-810D-79B7EAB6AF57}"
EndProject
Project("{8BC9CEB8-8B4A-11D0-8D11-00A0C91BC942}") = "Tuan3", "Tuan3\Tuan3.vcxproj", "{981762F9-2DE5-4F8A-83FE-B0193BF5BF24}"
EndProject
Project("{8BC9CEB8-8B4A-11D0-8D11-00A0C91BC942}") = "Tuan4", "Tuan4\Tuan4.vcxproj", "{C51E34ED-7BD0-4641-B5FF-91F9449AB37D}"
EndProject
Project("{8BC9CEB8-8B4A-11D0-8D11-00A0C91BC942}") = "Tuan5", "Tuan5\Tuan5.vcxproj", "{E36D92BF-CABB-4298-A7C0-1DD5CB18895C}"
EndProject
Project("{8BC9CEB8-8B4A-11D0-8D11-00A0C91BC942}") = "SortAndSearch", "SortAndSearch\SortAndSearch.vcxproj", "{1E7CC387-CEE5-498E-A8CF-9B42A186B9A6}"
EndProject
Project("{8BC9CEB8-8B4A-11D0-8D11-00A0C91BC942}") = "TUAN9", "TUAN9\TUAN9.vcxproj", "{B8C35E9C-0557-431E-8197-D8B49E06DF89}"
EndProject
Project("{8BC9CEB8-8B4A-11D0-8D11-00A0C91BC942}") = "StackAndQueue", "StackAndQueue\StackAndQueue.vcxproj", "{6E1F73C1-B197-47B7-A247-34AED496DB83}"
EndProject
Project("{8BC9CEB8-8B4A-11D0-8D11-00A0C91BC942}") = "LinkedList", "LinkedList\LinkedList.vcxproj", "{3470E60A-A3C8-490D-A6D5-65A0847023E0}"
EndProject
Project("{8BC9CEB8-8B4A-11D0-8D11-00A0C91BC942}") = "BTree", "BTree\BTree.vcxproj", "{D9EA16B3-D39D-47CE-BED3-FF25A0C386EE}"
EndProject
Project("{8BC9CEB8-8B4A-11D0-8D11-00A0C91BC942}") = "Tuan11-12-13", "Tuan11-12-13\Tuan11-12-13.vcxproj", "{683A24D3-1A86-4CC0-976D-945D14062487}"
EndProject
Project("{8BC9CEB8-8B4A-11D0-8D11-00A0C91BC942}") = "BST", "BST\BST.vcxproj", "{1CCD36AF-CD91-4260-B762-458F728FB690}"
EndProject
Project("{8BC9CEB8-8B4A-11D0-8D11-00A0C91BC942}") = "PolishNotation", "PolishNotation\PolishNotation.vcxproj", "{B431720A-C8EB-4048-895D-6D652C867050}"
EndProject
Global
	GlobalSection(SolutionConfigurationPlatforms) = preSolution
		Debug|Any CPU = Debug|Any CPU
		Debug|x64 = Debug|x64
		Debug|x86 = Debug|x86
		Release|Any CPU = Release|Any CPU
		Release|x64 = Release|x64
		Release|x86 = Release|x86
	EndGlobalSection
	GlobalSection(ProjectConfigurationPlatforms) = postSolution
		{C9A1E2F2-5BF6-4C5A-B22F-BC6713A37D7A}.Debug|Any CPU.ActiveCfg = Debug|Win32
		{C9A1E2F2-5BF6-4C5A-B22F-BC6713A37D7A}.Debug|x64.ActiveCfg = Debug|x64
		{C9A1E2F2-5BF6-4C5A-B22F-BC6713A37D7A}.Debug|x64.Build.0 = Debug|x64
		{C9A1E2F2-5BF6-4C5A-B22F-BC6713A37D7A}.Debug|x86.ActiveCfg = Debug|Win32
		{C9A1E2F2-5BF6-4C5A-B22F-BC6713A37D7A}.Debug|x86.Build.0 = Debug|Win32
		{C9A1E2F2-5BF6-4C5A-B22F-BC6713A37D7A}.Release|Any CPU.ActiveCfg = Release|Win32
		{C9A1E2F2-5BF6-4C5A-B22F-BC6713A37D7A}.Release|x64.ActiveCfg = Release|x64
		{C9A1E2F2-5BF6-4C5A-B22F-BC6713A37D7A}.Release|x64.Build.0 = Release|x64
		{C9A1E2F2-5BF6-4C5A-B22F-BC6713A37D7A}.Release|x86.ActiveCfg = Release|Win32
		{C9A1E2F2-5BF6-4C5A-B22F-BC6713A37D7A}.Release|x86.Build.0 = Release|Win32
		{F303F2D7-27CA-4172-B803-CEEA3E06C470}.Debug|Any CPU.ActiveCfg = Debug|Win32
		{F303F2D7-27CA-4172-B803-CEEA3E06C470}.Debug|x64.ActiveCfg = Debug|x64
		{F303F2D7-27CA-4172-B803-CEEA3E06C470}.Debug|x64.Build.0 = Debug|x64
		{F303F2D7-27CA-4172-B803-CEEA3E06C470}.Debug|x86.ActiveCfg = Debug|Win32
		{F303F2D7-27CA-4172-B803-CEEA3E06C470}.Debug|x86.Build.0 = Debug|Win32
		{F303F2D7-27CA-4172-B803-CEEA3E06C470}.Release|Any CPU.ActiveCfg = Release|Win32
		{F303F2D7-27CA-4172-B803-CEEA3E06C470}.Release|x64.ActiveCfg = Release|x64
		{F303F2D7-27CA-4172-B803-CEEA3E06C470}.Release|x64.Build.0 = Release|x64
		{F303F2D7-27CA-4172-B803-CEEA3E06C470}.Release|x86.ActiveCfg = Release|Win32
		{F303F2D7-27CA-4172-B803-CEEA3E06C470}.Release|x86.Build.0 = Release|Win32
		{4ACCB68B-4E87-4C29-82B7-1869C1577FDC}.Debug|Any CPU.ActiveCfg = Debug|Win32
		{4ACCB68B-4E87-4C29-82B7-1869C1577FDC}.Debug|x64.ActiveCfg = Debug|x64
		{4ACCB68B-4E87-4C29-82B7-1869C1577FDC}.Debug|x64.Build.0 = Debug|x64
		{4ACCB68B-4E87-4C29-82B7-1869C1577FDC}.Debug|x86.ActiveCfg = Debug|Win32
		{4ACCB68B-4E87-4C29-82B7-1869C1577FDC}.Debug|x86.Build.0 = Debug|Win32
		{4ACCB68B-4E87-4C29-82B7-1869C1577FDC}.Release|Any CPU.ActiveCfg = Release|Win32
		{4ACCB68B-4E87-4C29-82B7-1869C1577FDC}.Release|x64.ActiveCfg = Release|x64
		{4ACCB68B-4E87-4C29-82B7-1869C1577FDC}.Release|x64.Build.0 = Release|x64
		{4ACCB68B-4E87-4C29-82B7-1869C1577FDC}.Release|x86.ActiveCfg = Release|Win32
		{4ACCB68B-4E87-4C29-82B7-1869C1577FDC}.Release|x86.Build.0 = Release|Win32
		{45F287F0-DE0E-4E14-810D-79B7EAB6AF57}.Debug|Any CPU.ActiveCfg = Debug|Win32
		{45F287F0-DE0E-4E14-810D-79B7EAB6AF57}.Debug|x64.ActiveCfg = Debug|x64
		{45F287F0-DE0E-4E14-810D-79B7EAB6AF57}.Debug|x64.Build.0 = Debug|x64
		{45F287F0-DE0E-4E14-810D-79B7EAB6AF57}.Debug|x86.ActiveCfg = Debug|Win32
		{45F287F0-DE0E-4E14-810D-79B7EAB6AF57}.Debug|x86.Build.0 = Debug|Win32
		{45F287F0-DE0E-4E14-810D-79B7EAB6AF57}.Release|Any CPU.ActiveCfg = Release|Win32
		{45F287F0-DE0E-4E14-810D-79B7EAB6AF57}.Release|x64.ActiveCfg = Release|x64
		{45F287F0-DE0E-4E14-810D-79B7EAB6AF57}.Release|x64.Build.0 = Release|x64
		{45F287F0-DE0E-4E14-810D-79B7EAB6AF57}.Release|x86.ActiveCfg = Release|Win32
		{45F287F0-DE0E-4E14-810D-79B7EAB6AF57}.Release|x86.Build.0 = Release|Win32
		{981762F9-2DE5-4F8A-83FE-B0193BF5BF24}.Debug|Any CPU.ActiveCfg = Debug|Win32
		{981762F9-2DE5-4F8A-83FE-B0193BF5BF24}.Debug|x64.ActiveCfg = Debug|x64
		{981762F9-2DE5-4F8A-83FE-B0193BF5BF24}.Debug|x64.Build.0 = Debug|x64
		{981762F9-2DE5-4F8A-83FE-B0193BF5BF24}.Debug|x86.ActiveCfg = Debug|Win32
		{981762F9-2DE5-4F8A-83FE-B0193BF5BF24}.Debug|x86.Build.0 = Debug|Win32
		{981762F9-2DE5-4F8A-83FE-B0193BF5BF24}.Release|Any CPU.ActiveCfg = Release|Win32
		{981762F9-2DE5-4F8A-83FE-B0193BF5BF24}.Release|x64.ActiveCfg = Release|x64
		{981762F9-2DE5-4F8A-83FE-B0193BF5BF24}.Release|x64.Build.0 = Release|x64
		{981762F9-2DE5-4F8A-83FE-B0193BF5BF24}.Release|x86.ActiveCfg = Release|Win32
		{981762F9-2DE5-4F8A-83FE-B0193BF5BF24}.Release|x86.Build.0 = Release|Win32
		{C51E34ED-7BD0-4641-B5FF-91F9449AB37D}.Debug|Any CPU.ActiveCfg = Debug|Win32
		{C51E34ED-7BD0-4641-B5FF-91F9449AB37D}.Debug|x64.ActiveCfg = Debug|x64
		{C51E34ED-7BD0-4641-B5FF-91F9449AB37D}.Debug|x64.Build.0 = Debug|x64
		{C51E34ED-7BD0-4641-B5FF-91F9449AB37D}.Debug|x86.ActiveCfg = Debug|Win32
		{C51E34ED-7BD0-4641-B5FF-91F9449AB37D}.Debug|x86.Build.0 = Debug|Win32
		{C51E34ED-7BD0-4641-B5FF-91F9449AB37D}.Release|Any CPU.ActiveCfg = Release|Win32
		{C51E34ED-7BD0-4641-B5FF-91F9449AB37D}.Release|x64.ActiveCfg = Release|x64
		{C51E34ED-7BD0-4641-B5FF-91F9449AB37D}.Release|x64.Build.0 = Release|x64
		{C51E34ED-7BD0-4641-B5FF-91F9449AB37D}.Release|x86.ActiveCfg = Release|Win32
		{C51E34ED-7BD0-4641-B5FF-91F9449AB37D}.Release|x86.Build.0 = Release|Win32
		{E36D92BF-CABB-4298-A7C0-1DD5CB18895C}.Debug|Any CPU.ActiveCfg = Debug|Win32
		{E36D92BF-CABB-4298-A7C0-1DD5CB18895C}.Debug|x64.ActiveCfg = Debug|x64
		{E36D92BF-CABB-4298-A7C0-1DD5CB18895C}.Debug|x64.Build.0 = Debug|x64
		{E36D92BF-CABB-4298-A7C0-1DD5CB18895C}.Debug|x86.ActiveCfg = Debug|Win32
		{E36D92BF-CABB-4298-A7C0-1DD5CB18895C}.Debug|x86.Build.0 = Debug|Win32
		{E36D92BF-CABB-4298-A7C0-1DD5CB18895C}.Release|Any CPU.ActiveCfg = Release|Win32
		{E36D92BF-CABB-4298-A7C0-1DD5CB18895C}.Release|x64.ActiveCfg = Release|x64
		{E36D92BF-CABB-4298-A7C0-1DD5CB18895C}.Release|x64.Build.0 = Release|x64
		{E36D92BF-CABB-4298-A7C0-1DD5CB18895C}.Release|x86.ActiveCfg = Release|Win32
		{E36D92BF-CABB-4298-A7C0-1DD5CB18895C}.Release|x86.Build.0 = Release|Win32
		{1E7CC387-CEE5-498E-A8CF-9B42A186B9A6}.Debug|Any CPU.ActiveCfg = Debug|Win32
		{1E7CC387-CEE5-498E-A8CF-9B42A186B9A6}.Debug|x64.ActiveCfg = Debug|x64
		{1E7CC387-CEE5-498E-A8CF-9B42A186B9A6}.Debug|x64.Build.0 = Debug|x64
		{1E7CC387-CEE5-498E-A8CF-9B42A186B9A6}.Debug|x86.ActiveCfg = Debug|Win32
		{1E7CC387-CEE5-498E-A8CF-9B42A186B9A6}.Debug|x86.Build.0 = Debug|Win32
		{1E7CC387-CEE5-498E-A8CF-9B42A186B9A6}.Release|Any CPU.ActiveCfg = Release|Win32
		{1E7CC387-CEE5-498E-A8CF-9B42A186B9A6}.Release|x64.ActiveCfg = Release|x64
		{1E7CC387-CEE5-498E-A8CF-9B42A186B9A6}.Release|x64.Build.0 = Release|x64
		{1E7CC387-CEE5-498E-A8CF-9B42A186B9A6}.Release|x86.ActiveCfg = Release|Win32
		{1E7CC387-CEE5-498E-A8CF-9B42A186B9A6}.Release|x86.Build.0 = Release|Win32
		{B8C35E9C-0557-431E-8197-D8B49E06DF89}.Debug|Any CPU.ActiveCfg = Debug|Win32
		{B8C35E9C-0557-431E-8197-D8B49E06DF89}.Debug|x64.ActiveCfg = Debug|x64
		{B8C35E9C-0557-431E-8197-D8B49E06DF89}.Debug|x64.Build.0 = Debug|x64
		{B8C35E9C-0557-431E-8197-D8B49E06DF89}.Debug|x86.ActiveCfg = Debug|Win32
		{B8C35E9C-0557-431E-8197-D8B49E06DF89}.Debug|x86.Build.0 = Debug|Win32
		{B8C35E9C-0557-431E-8197-D8B49E06DF89}.Release|Any CPU.ActiveCfg = Release|Win32
		{B8C35E9C-0557-431E-8197-D8B49E06DF89}.Release|x64.ActiveCfg = Release|x64
		{B8C35E9C-0557-431E-8197-D8B49E06DF89}.Release|x64.Build.0 = Release|x64
		{B8C35E9C-0557-431E-8197-D8B49E06DF89}.Release|x86.ActiveCfg = Release|Win32
		{B8C35E9C-0557-431E-8197-D8B49E06DF89}.Release|x86.Build.0 = Release|Win32
		{6E1F73C1-B197-47B7-A247-34AED496DB83}.Debug|Any CPU.ActiveCfg = Debug|Win32
		{6E1F73C1-B197-47B7-A247-34AED496DB83}.Debug|x64.ActiveCfg = Debug|x64
		{6E1F73C1-B197-47B7-A247-34AED496DB83}.Debug|x64.Build.0 = Debug|x64
		{6E1F73C1-B197-47B7-A247-34AED496DB83}.Debug|x86.ActiveCfg = Debug|Win32
		{6E1F73C1-B197-47B7-A247-34AED496DB83}.Debug|x86.Build.0 = Debug|Win32
		{6E1F73C1-B197-47B7-A247-34AED496DB83}.Release|Any CPU.ActiveCfg = Release|Win32
		{6E1F73C1-B197-47B7-A247-34AED496DB83}.Release|x64.ActiveCfg = Release|x64
		{6E1F73C1-B197-47B7-A247-34AED496DB83}.Release|x64.Build.0 = Release|x64
		{6E1F73C1-B197-47B7-A247-34AED496DB83}.Release|x86.ActiveCfg = Release|Win32
		{6E1F73C1-B197-47B7-A247-34AED496DB83}.Release|x86.Build.0 = Release|Win32
		{3470E60A-A3C8-490D-A6D5-65A0847023E0}.Debug|Any CPU.ActiveCfg = Debug|Win32
		{3470E60A-A3C8-490D-A6D5-65A0847023E0}.Debug|x64.ActiveCfg = Debug|x64
		{3470E60A-A3C8-490D-A6D5-65A0847023E0}.Debug|x64.Build.0 = Debug|x64
		{3470E60A-A3C8-490D-A6D5-65A0847023E0}.Debug|x86.ActiveCfg = Debug|Win32
		{3470E60A-A3C8-490D-A6D5-65A0847023E0}.Debug|x86.Build.0 = Debug|Win32
		{3470E60A-A3C8-490D-A6D5-65A0847023E0}.Release|Any CPU.ActiveCfg = Release|Win32
		{3470E60A-A3C8-490D-A6D5-65A0847023E0}.Release|x64.ActiveCfg = Release|x64
		{3470E60A-A3C8-490D-A6D5-65A0847023E0}.Release|x64.Build.0 = Release|x64
		{3470E60A-A3C8-490D-A6D5-65A0847023E0}.Release|x86.ActiveCfg = Release|Win32
		{3470E60A-A3C8-490D-A6D5-65A0847023E0}.Release|x86.Build.0 = Release|Win32
		{D9EA16B3-D39D-47CE-BED3-FF25A0C386EE}.Debug|Any CPU.ActiveCfg = Debug|Win32
		{D9EA16B3-D39D-47CE-BED3-FF25A0C386EE}.Debug|x64.ActiveCfg = Debug|x64
		{D9EA16B3-D39D-47CE-BED3-FF25A0C386EE}.Debug|x64.Build.0 = Debug|x64
		{D9EA16B3-D39D-47CE-BED3-FF25A0C386EE}.Debug|x86.ActiveCfg = Debug|Win32
		{D9EA16B3-D39D-47CE-BED3-FF25A0C386EE}.Debug|x86.Build.0 = Debug|Win32
		{D9EA16B3-D39D-47CE-BED3-FF25A0C386EE}.Release|Any CPU.ActiveCfg = Release|Win32
		{D9EA16B3-D39D-47CE-BED3-FF25A0C386EE}.Release|x64.ActiveCfg = Release|x64
		{D9EA16B3-D39D-47CE-BED3-FF25A0C386EE}.Release|x64.Build.0 = Release|x64
		{D9EA16B3-D39D-47CE-BED3-FF25A0C386EE}.Release|x86.ActiveCfg = Release|Win32
		{D9EA16B3-D39D-47CE-BED3-FF25A0C386EE}.Release|x86.Build.0 = Release|Win32
		{683A24D3-1A86-4CC0-976D-945D14062487}.Debug|Any CPU.ActiveCfg = Debug|Win32
		{683A24D3-1A86-4CC0-976D-945D14062487}.Debug|x64.ActiveCfg = Debug|x64
		{683A24D3-1A86-4CC0-976D-945D14062487}.Debug|x64.Build.0 = Debug|x64
		{683A24D3-1A86-4CC0-976D-945D14062487}.Debug|x86.ActiveCfg = Debug|Win32
		{683A24D3-1A86-4CC0-976D-945D14062487}.Debug|x86.Build.0 = Debug|Win32
		{683A24D3-1A86-4CC0-976D-945D14062487}.Release|Any CPU.ActiveCfg = Release|Win32
		{683A24D3-1A86-4CC0-976D-945D14062487}.Release|x64.ActiveCfg = Release|x64
		{683A24D3-1A86-4CC0-976D-945D14062487}.Release|x64.Build.0 = Release|x64
		{683A24D3-1A86-4CC0-976D-945D14062487}.Release|x86.ActiveCfg = Release|Win32
		{683A24D3-1A86-4CC0-976D-945D14062487}.Release|x86.Build.0 = Release|Win32
		{1CCD36AF-CD91-4260-B762-458F728FB690}.Debug|Any CPU.ActiveCfg = Debug|Win32
		{1CCD36AF-CD91-4260-B762-458F728FB690}.Debug|x64.ActiveCfg = Debug|x64
		{1CCD36AF-CD91-4260-B762-458F728FB690}.Debug|x64.Build.0 = Debug|x64
		{1CCD36AF-CD91-4260-B762-458F728FB690}.Debug|x86.ActiveCfg = Debug|Win32
		{1CCD36AF-CD91-4260-B762-458F728FB690}.Debug|x86.Build.0 = Debug|Win32
		{1CCD36AF-CD91-4260-B762-458F728FB690}.Release|Any CPU.ActiveCfg = Release|Win32
		{1CCD36AF-CD91-4260-B762-458F728FB690}.Release|x64.ActiveCfg = Release|x64
		{1CCD36AF-CD91-4260-B762-458F728FB690}.Release|x64.Build.0 = Release|x64
		{1CCD36AF-CD91-4260-B762-458F728FB690}.Release|x86.ActiveCfg = Release|Win32
		{1CCD36AF-CD91-4260-B762-458F728FB690}.Release|x86.Build.0 = Release|Win32
		{B431720A-C8EB-4048-895D-6D652C867050}.Debug|Any CPU.ActiveCfg = Debug|Win32
		{B431720A-C8EB-4048-895D-6D652C867050}.Debug|x64.ActiveCfg = Debug|x64
		{B431720A-C8EB-4048-895D-6D652C867050}.Debug|x64.Build.0 = Debug|x64
		{B431720A-C8EB-4048-895D-6D652C867050}.Debug|x86.ActiveCfg = Debug|Win32
		{B431720A-C8EB-4048-895D-6D652C867050}.Debug|x86.Build.0 = Debug|Win32
		{B431720A-C8EB-4048-895D-6D652C867050}.Release|Any CPU.ActiveCfg = Release|Win32
		{B431720A-C8EB-4048-895D-6D652C867050}.Release|x64.ActiveCfg = Release|x64
		{B431720A-C8EB-4048-895D-6D652C867050}.Release|x64.Build.0 = Release|x64
		{B431720A-C8EB-4048-895D-6D652C867050}.Release|x86.ActiveCfg = Release|Win32
		{B431720A-C8EB-4048-895D-6D652C867050}.Release|x86.Build.0 = Release|Win32
	EndGlobalSection
	GlobalSection(SolutionProperties) = preSolution
		HideSolutionNode = FALSE
	EndGlobalSection
	GlobalSection(ExtensibilityGlobals) = postSolution
		SolutionGuid = {09544C47-710C-45FD-B832-249553B67483}
	EndGlobalSection
EndGlobal
